// !$*UTF8*$!
{
	archiveVersion = 1;
	classes = {
	};
	objectVersion = 56;
	objects = {

/* Begin PBXBuildFile section */
		FA7085FA2D3C12E900016D35 /* ModalExercise.swift in Sources */ = {isa = PBXBuildFile; fileRef = FA7085F92D3C12E900016D35 /* ModalExercise.swift */; };
		FA7085FC2D3C130300016D35 /* NavigationExercise.swift in Sources */ = {isa = PBXBuildFile; fileRef = FA7085FB2D3C130300016D35 /* NavigationExercise.swift */; };
		FA7085FE2D3C177800016D35 /* NavigationViewController3.swift in Sources */ = {isa = PBXBuildFile; fileRef = FA7085FD2D3C177800016D35 /* NavigationViewController3.swift */; };
		FA9EADCD2D3AA0C5008031C7 /* ModalNavigation.swift in Sources */ = {isa = PBXBuildFile; fileRef = FA9EADCC2D3AA0C5008031C7 /* ModalNavigation.swift */; };
		FA9EADCF2D3AA12C008031C7 /* ModalViewController1.swift in Sources */ = {isa = PBXBuildFile; fileRef = FA9EADCE2D3AA12C008031C7 /* ModalViewController1.swift */; };
		FA9EADD12D3AA185008031C7 /* ModalViewController2.swift in Sources */ = {isa = PBXBuildFile; fileRef = FA9EADD02D3AA185008031C7 /* ModalViewController2.swift */; };
		FA9EADD62D3AA20F008031C7 /* NavigationViewController1.swift in Sources */ = {isa = PBXBuildFile; fileRef = FA9EADD52D3AA20F008031C7 /* NavigationViewController1.swift */; };
		FA9EADD82D3AA218008031C7 /* NavigationViewController2.swift in Sources */ = {isa = PBXBuildFile; fileRef = FA9EADD72D3AA218008031C7 /* NavigationViewController2.swift */; };
		FA9EADDA2D3AA2B2008031C7 /* TabBarViewController.swift in Sources */ = {isa = PBXBuildFile; fileRef = FA9EADD92D3AA2B2008031C7 /* TabBarViewController.swift */; };
		FA9EADDC2D3AA2CE008031C7 /* PageViewController.swift in Sources */ = {isa = PBXBuildFile; fileRef = FA9EADDB2D3AA2CE008031C7 /* PageViewController.swift */; };
		FAE957472C1AF72F0035FA37 /* AppDelegate.swift in Sources */ = {isa = PBXBuildFile; fileRef = FAE957462C1AF72F0035FA37 /* AppDelegate.swift */; };
		FAE957492C1AF72F0035FA37 /* SceneDelegate.swift in Sources */ = {isa = PBXBuildFile; fileRef = FAE957482C1AF72F0035FA37 /* SceneDelegate.swift */; };
		FAE9574B2C1AF72F0035FA37 /* ViewController.swift in Sources */ = {isa = PBXBuildFile; fileRef = FAE9574A2C1AF72F0035FA37 /* ViewController.swift */; };
		FAE957502C1AF7310035FA37 /* Assets.xcassets in Resources */ = {isa = PBXBuildFile; fileRef = FAE9574F2C1AF7310035FA37 /* Assets.xcassets */; };
		FAE957532C1AF7310035FA37 /* LaunchScreen.storyboard in Resources */ = {isa = PBXBuildFile; fileRef = FAE957512C1AF7310035FA37 /* LaunchScreen.storyboard */; };
		FAE9575E2C1AF7310035FA37 /* test2Tests.swift in Sources */ = {isa = PBXBuildFile; fileRef = FAE9575D2C1AF7310035FA37 /* test2Tests.swift */; };
		FAE957682C1AF7310035FA37 /* test2UITests.swift in Sources */ = {isa = PBXBuildFile; fileRef = FAE957672C1AF7310035FA37 /* test2UITests.swift */; };
		FAE9576A2C1AF7310035FA37 /* test2UITestsLaunchTests.swift in Sources */ = {isa = PBXBuildFile; fileRef = FAE957692C1AF7310035FA37 /* test2UITestsLaunchTests.swift */; };
/* End PBXBuildFile section */

/* Begin PBXContainerItemProxy section */
		FAE9575A2C1AF7310035FA37 /* PBXContainerItemProxy */ = {
			isa = PBXContainerItemProxy;
			containerPortal = FAE9573B2C1AF72F0035FA37 /* Project object */;
			proxyType = 1;
			remoteGlobalIDString = FAE957422C1AF72F0035FA37;
			remoteInfo = test2;
		};
		FAE957642C1AF7310035FA37 /* PBXContainerItemProxy */ = {
			isa = PBXContainerItemProxy;
			containerPortal = FAE9573B2C1AF72F0035FA37 /* Project object */;
			proxyType = 1;
			remoteGlobalIDString = FAE957422C1AF72F0035FA37;
			remoteInfo = test2;
		};
/* End PBXContainerItemProxy section */

/* Begin PBXFileReference section */
		FA7085F92D3C12E900016D35 /* ModalExercise.swift */ = {isa = PBXFileReference; lastKnownFileType = sourcecode.swift; path = ModalExercise.swift; sourceTree = "<group>"; };
		FA7085FB2D3C130300016D35 /* NavigationExercise.swift */ = {isa = PBXFileReference; lastKnownFileType = sourcecode.swift; path = NavigationExercise.swift; sourceTree = "<group>"; };
		FA7085FD2D3C177800016D35 /* NavigationViewController3.swift */ = {isa = PBXFileReference; lastKnownFileType = sourcecode.swift; path = NavigationViewController3.swift; sourceTree = "<group>"; };
		FA9EADCC2D3AA0C5008031C7 /* ModalNavigation.swift */ = {isa = PBXFileReference; lastKnownFileType = sourcecode.swift; path = ModalNavigation.swift; sourceTree = "<group>"; };
		FA9EADCE2D3AA12C008031C7 /* ModalViewController1.swift */ = {isa = PBXFileReference; lastKnownFileType = sourcecode.swift; path = ModalViewController1.swift; sourceTree = "<group>"; };
		FA9EADD02D3AA185008031C7 /* ModalViewController2.swift */ = {isa = PBXFileReference; lastKnownFileType = sourcecode.swift; path = ModalViewController2.swift; sourceTree = "<group>"; };
		FA9EADD52D3AA20F008031C7 /* NavigationViewController1.swift */ = {isa = PBXFileReference; lastKnownFileType = sourcecode.swift; path = NavigationViewController1.swift; sourceTree = "<group>"; };
		FA9EADD72D3AA218008031C7 /* NavigationViewController2.swift */ = {isa = PBXFileReference; lastKnownFileType = sourcecode.swift; path = NavigationViewController2.swift; sourceTree = "<group>"; };
		FA9EADD92D3AA2B2008031C7 /* TabBarViewController.swift */ = {isa = PBXFileReference; lastKnownFileType = sourcecode.swift; path = TabBarViewController.swift; sourceTree = "<group>"; };
		FA9EADDB2D3AA2CE008031C7 /* PageViewController.swift */ = {isa = PBXFileReference; lastKnownFileType = sourcecode.swift; path = PageViewController.swift; sourceTree = "<group>"; };
		FAE957432C1AF72F0035FA37 /* test2.app */ = {isa = PBXFileReference; explicitFileType = wrapper.application; includeInIndex = 0; path = test2.app; sourceTree = BUILT_PRODUCTS_DIR; };
		FAE957462C1AF72F0035FA37 /* AppDelegate.swift */ = {isa = PBXFileReference; lastKnownFileType = sourcecode.swift; path = AppDelegate.swift; sourceTree = "<group>"; };
		FAE957482C1AF72F0035FA37 /* SceneDelegate.swift */ = {isa = PBXFileReference; lastKnownFileType = sourcecode.swift; path = SceneDelegate.swift; sourceTree = "<group>"; };
		FAE9574A2C1AF72F0035FA37 /* ViewController.swift */ = {isa = PBXFileReference; lastKnownFileType = sourcecode.swift; path = ViewController.swift; sourceTree = "<group>"; };
		FAE9574F2C1AF7310035FA37 /* Assets.xcassets */ = {isa = PBXFileReference; lastKnownFileType = folder.assetcatalog; path = Assets.xcassets; sourceTree = "<group>"; };
		FAE957522C1AF7310035FA37 /* Base */ = {isa = PBXFileReference; lastKnownFileType = file.storyboard; name = Base; path = Base.lproj/LaunchScreen.storyboard; sourceTree = "<group>"; };
		FAE957542C1AF7310035FA37 /* Info.plist */ = {isa = PBXFileReference; lastKnownFileType = text.plist.xml; path = Info.plist; sourceTree = "<group>"; };
		FAE957592C1AF7310035FA37 /* test2Tests.xctest */ = {isa = PBXFileReference; explicitFileType = wrapper.cfbundle; includeInIndex = 0; path = test2Tests.xctest; sourceTree = BUILT_PRODUCTS_DIR; };
		FAE9575D2C1AF7310035FA37 /* test2Tests.swift */ = {isa = PBXFileReference; lastKnownFileType = sourcecode.swift; path = test2Tests.swift; sourceTree = "<group>"; };
		FAE957632C1AF7310035FA37 /* test2UITests.xctest */ = {isa = PBXFileReference; explicitFileType = wrapper.cfbundle; includeInIndex = 0; path = test2UITests.xctest; sourceTree = BUILT_PRODUCTS_DIR; };
		FAE957672C1AF7310035FA37 /* test2UITests.swift */ = {isa = PBXFileReference; lastKnownFileType = sourcecode.swift; path = test2UITests.swift; sourceTree = "<group>"; };
		FAE957692C1AF7310035FA37 /* test2UITestsLaunchTests.swift */ = {isa = PBXFileReference; lastKnownFileType = sourcecode.swift; path = test2UITestsLaunchTests.swift; sourceTree = "<group>"; };
/* End PBXFileReference section */

/* Begin PBXFrameworksBuildPhase section */
		FAE957402C1AF72F0035FA37 /* Frameworks */ = {
			isa = PBXFrameworksBuildPhase;
			buildActionMask = 2147483647;
			files = (
			);
			runOnlyForDeploymentPostprocessing = 0;
		};
		FAE957562C1AF7310035FA37 /* Frameworks */ = {
			isa = PBXFrameworksBuildPhase;
			buildActionMask = 2147483647;
			files = (
			);
			runOnlyForDeploymentPostprocessing = 0;
		};
		FAE957602C1AF7310035FA37 /* Frameworks */ = {
			isa = PBXFrameworksBuildPhase;
			buildActionMask = 2147483647;
			files = (
			);
			runOnlyForDeploymentPostprocessing = 0;
		};
/* End PBXFrameworksBuildPhase section */

/* Begin PBXGroup section */
		FA7085F72D3C10B100016D35 /* Exercise1 */ = {
			isa = PBXGroup;
			children = (
				FA7085F92D3C12E900016D35 /* ModalExercise.swift */,
			);
			path = Exercise1;
			sourceTree = "<group>";
		};
		FA7085F82D3C115800016D35 /* Exercise2 */ = {
			isa = PBXGroup;
			children = (
				FA7085FB2D3C130300016D35 /* NavigationExercise.swift */,
			);
			path = Exercise2;
			sourceTree = "<group>";
		};
		FA9EADC92D3AA09A008031C7 /* Modal */ = {
			isa = PBXGroup;
			children = (
				FA9EADCC2D3AA0C5008031C7 /* ModalNavigation.swift */,
				FA9EADCE2D3AA12C008031C7 /* ModalViewController1.swift */,
				FA9EADD02D3AA185008031C7 /* ModalViewController2.swift */,
			);
			path = Modal;
			sourceTree = "<group>";
		};
		FA9EADCB2D3AA0AC008031C7 /* Container */ = {
			isa = PBXGroup;
			children = (
				FA9EADD42D3AA1E4008031C7 /* Page */,
				FA9EADD32D3AA1D4008031C7 /* TabBar */,
				FA9EADD22D3AA1C7008031C7 /* Navigation */,
			);
			path = Container;
			sourceTree = "<group>";
		};
		FA9EADD22D3AA1C7008031C7 /* Navigation */ = {
			isa = PBXGroup;
			children = (
				FA9EADD52D3AA20F008031C7 /* NavigationViewController1.swift */,
				FA9EADD72D3AA218008031C7 /* NavigationViewController2.swift */,
				FA7085FD2D3C177800016D35 /* NavigationViewController3.swift */,
			);
			path = Navigation;
			sourceTree = "<group>";
		};
		FA9EADD32D3AA1D4008031C7 /* TabBar */ = {
			isa = PBXGroup;
			children = (
				FA9EADD92D3AA2B2008031C7 /* TabBarViewController.swift */,
			);
			path = TabBar;
			sourceTree = "<group>";
		};
		FA9EADD42D3AA1E4008031C7 /* Page */ = {
			isa = PBXGroup;
			children = (
				FA9EADDB2D3AA2CE008031C7 /* PageViewController.swift */,
			);
			path = Page;
			sourceTree = "<group>";
		};
		FAE9573A2C1AF72F0035FA37 = {
			isa = PBXGroup;
			children = (
				FAE957452C1AF72F0035FA37 /* test2 */,
				FAE9575C2C1AF7310035FA37 /* test2Tests */,
				FAE957662C1AF7310035FA37 /* test2UITests */,
				FAE957442C1AF72F0035FA37 /* Products */,
			);
			sourceTree = "<group>";
		};
		FAE957442C1AF72F0035FA37 /* Products */ = {
			isa = PBXGroup;
			children = (
				FAE957432C1AF72F0035FA37 /* test2.app */,
				FAE957592C1AF7310035FA37 /* test2Tests.xctest */,
				FAE957632C1AF7310035FA37 /* test2UITests.xctest */,
			);
			name = Products;
			sourceTree = "<group>";
		};
		FAE957452C1AF72F0035FA37 /* test2 */ = {
			isa = PBXGroup;
			children = (
				FA7085F82D3C115800016D35 /* Exercise2 */,
				FA7085F72D3C10B100016D35 /* Exercise1 */,
				FA9EADC92D3AA09A008031C7 /* Modal */,
				FA9EADCB2D3AA0AC008031C7 /* Container */,
				FAE957462C1AF72F0035FA37 /* AppDelegate.swift */,
				FAE957482C1AF72F0035FA37 /* SceneDelegate.swift */,
				FAE9574A2C1AF72F0035FA37 /* ViewController.swift */,
				FAE9574F2C1AF7310035FA37 /* Assets.xcassets */,
				FAE957512C1AF7310035FA37 /* LaunchScreen.storyboard */,
				FAE957542C1AF7310035FA37 /* Info.plist */,
			);
			path = test2;
			sourceTree = "<group>";
		};
		FAE9575C2C1AF7310035FA37 /* test2Tests */ = {
			isa = PBXGroup;
			children = (
				FAE9575D2C1AF7310035FA37 /* test2Tests.swift */,
			);
			path = test2Tests;
			sourceTree = "<group>";
		};
		FAE957662C1AF7310035FA37 /* test2UITests */ = {
			isa = PBXGroup;
			children = (
				FAE957672C1AF7310035FA37 /* test2UITests.swift */,
				FAE957692C1AF7310035FA37 /* test2UITestsLaunchTests.swift */,
			);
			path = test2UITests;
			sourceTree = "<group>";
		};
/* End PBXGroup section */

/* Begin PBXNativeTarget section */
		FAE957422C1AF72F0035FA37 /* test2 */ = {
			isa = PBXNativeTarget;
			buildConfigurationList = FAE9576D2C1AF7310035FA37 /* Build configuration list for PBXNativeTarget "test2" */;
			buildPhases = (
				FAE9573F2C1AF72F0035FA37 /* Sources */,
				FAE957402C1AF72F0035FA37 /* Frameworks */,
				FAE957412C1AF72F0035FA37 /* Resources */,
			);
			buildRules = (
			);
			dependencies = (
			);
			name = test2;
			productName = test2;
			productReference = FAE957432C1AF72F0035FA37 /* test2.app */;
			productType = "com.apple.product-type.application";
		};
		FAE957582C1AF7310035FA37 /* test2Tests */ = {
			isa = PBXNativeTarget;
			buildConfigurationList = FAE957702C1AF7310035FA37 /* Build configuration list for PBXNativeTarget "test2Tests" */;
			buildPhases = (
				FAE957552C1AF7310035FA37 /* Sources */,
				FAE957562C1AF7310035FA37 /* Frameworks */,
				FAE957572C1AF7310035FA37 /* Resources */,
			);
			buildRules = (
			);
			dependencies = (
				FAE9575B2C1AF7310035FA37 /* PBXTargetDependency */,
			);
			name = test2Tests;
			productName = test2Tests;
			productReference = FAE957592C1AF7310035FA37 /* test2Tests.xctest */;
			productType = "com.apple.product-type.bundle.unit-test";
		};
		FAE957622C1AF7310035FA37 /* test2UITests */ = {
			isa = PBXNativeTarget;
			buildConfigurationList = FAE957732C1AF7310035FA37 /* Build configuration list for PBXNativeTarget "test2UITests" */;
			buildPhases = (
				FAE9575F2C1AF7310035FA37 /* Sources */,
				FAE957602C1AF7310035FA37 /* Frameworks */,
				FAE957612C1AF7310035FA37 /* Resources */,
			);
			buildRules = (
			);
			dependencies = (
				FAE957652C1AF7310035FA37 /* PBXTargetDependency */,
			);
			name = test2UITests;
			productName = test2UITests;
			productReference = FAE957632C1AF7310035FA37 /* test2UITests.xctest */;
			productType = "com.apple.product-type.bundle.ui-testing";
		};
/* End PBXNativeTarget section */

/* Begin PBXProject section */
		FAE9573B2C1AF72F0035FA37 /* Project object */ = {
			isa = PBXProject;
			attributes = {
				BuildIndependentTargetsInParallel = 1;
				LastSwiftUpdateCheck = 1520;
				LastUpgradeCheck = 1520;
				TargetAttributes = {
					FAE957422C1AF72F0035FA37 = {
						CreatedOnToolsVersion = 15.2;
					};
					FAE957582C1AF7310035FA37 = {
						CreatedOnToolsVersion = 15.2;
						TestTargetID = FAE957422C1AF72F0035FA37;
					};
					FAE957622C1AF7310035FA37 = {
						CreatedOnToolsVersion = 15.2;
						TestTargetID = FAE957422C1AF72F0035FA37;
					};
				};
			};
			buildConfigurationList = FAE9573E2C1AF72F0035FA37 /* Build configuration list for PBXProject "test2" */;
			compatibilityVersion = "Xcode 14.0";
			developmentRegion = en;
			hasScannedForEncodings = 0;
			knownRegions = (
				en,
				Base,
			);
			mainGroup = FAE9573A2C1AF72F0035FA37;
			productRefGroup = FAE957442C1AF72F0035FA37 /* Products */;
			projectDirPath = "";
			projectRoot = "";
			targets = (
				FAE957422C1AF72F0035FA37 /* test2 */,
				FAE957582C1AF7310035FA37 /* test2Tests */,
				FAE957622C1AF7310035FA37 /* test2UITests */,
			);
		};
/* End PBXProject section */

/* Begin PBXResourcesBuildPhase section */
		FAE957412C1AF72F0035FA37 /* Resources */ = {
			isa = PBXResourcesBuildPhase;
			buildActionMask = 2147483647;
			files = (
				FAE957532C1AF7310035FA37 /* LaunchScreen.storyboard in Resources */,
				FAE957502C1AF7310035FA37 /* Assets.xcassets in Resources */,
			);
			runOnlyForDeploymentPostprocessing = 0;
		};
		FAE957572C1AF7310035FA37 /* Resources */ = {
			isa = PBXResourcesBuildPhase;
			buildActionMask = 2147483647;
			files = (
			);
			runOnlyForDeploymentPostprocessing = 0;
		};
		FAE957612C1AF7310035FA37 /* Resources */ = {
			isa = PBXResourcesBuildPhase;
			buildActionMask = 2147483647;
			files = (
			);
			runOnlyForDeploymentPostprocessing = 0;
		};
/* End PBXResourcesBuildPhase section */

/* Begin PBXSourcesBuildPhase section */
		FAE9573F2C1AF72F0035FA37 /* Sources */ = {
			isa = PBXSourcesBuildPhase;
			buildActionMask = 2147483647;
			files = (
				FA9EADCF2D3AA12C008031C7 /* ModalViewController1.swift in Sources */,
				FA9EADDC2D3AA2CE008031C7 /* PageViewController.swift in Sources */,
				FA9EADD12D3AA185008031C7 /* ModalViewController2.swift in Sources */,
				FA9EADD62D3AA20F008031C7 /* NavigationViewController1.swift in Sources */,
				FA9EADD82D3AA218008031C7 /* NavigationViewController2.swift in Sources */,
				FA9EADDA2D3AA2B2008031C7 /* TabBarViewController.swift in Sources */,
				FAE9574B2C1AF72F0035FA37 /* ViewController.swift in Sources */,
				FA7085FA2D3C12E900016D35 /* ModalExercise.swift in Sources */,
				FA9EADCD2D3AA0C5008031C7 /* ModalNavigation.swift in Sources */,
				FAE957472C1AF72F0035FA37 /* AppDelegate.swift in Sources */,
				FAE957492C1AF72F0035FA37 /* SceneDelegate.swift in Sources */,
				FA7085FE2D3C177800016D35 /* NavigationViewController3.swift in Sources */,
				FA7085FC2D3C130300016D35 /* NavigationExercise.swift in Sources */,
			);
			runOnlyForDeploymentPostprocessing = 0;
		};
		FAE957552C1AF7310035FA37 /* Sources */ = {
			isa = PBXSourcesBuildPhase;
			buildActionMask = 2147483647;
			files = (
				FAE9575E2C1AF7310035FA37 /* test2Tests.swift in Sources */,
			);
			runOnlyForDeploymentPostprocessing = 0;
		};
		FAE9575F2C1AF7310035FA37 /* Sources */ = {
			isa = PBXSourcesBuildPhase;
			buildActionMask = 2147483647;
			files = (
				FAE957682C1AF7310035FA37 /* test2UITests.swift in Sources */,
				FAE9576A2C1AF7310035FA37 /* test2UITestsLaunchTests.swift in Sources */,
			);
			runOnlyForDeploymentPostprocessing = 0;
		};
/* End PBXSourcesBuildPhase section */

/* Begin PBXTargetDependency section */
		FAE9575B2C1AF7310035FA37 /* PBXTargetDependency */ = {
			isa = PBXTargetDependency;
			target = FAE957422C1AF72F0035FA37 /* test2 */;
			targetProxy = FAE9575A2C1AF7310035FA37 /* PBXContainerItemProxy */;
		};
		FAE957652C1AF7310035FA37 /* PBXTargetDependency */ = {
			isa = PBXTargetDependency;
			target = FAE957422C1AF72F0035FA37 /* test2 */;
			targetProxy = FAE957642C1AF7310035FA37 /* PBXContainerItemProxy */;
		};
/* End PBXTargetDependency section */

/* Begin PBXVariantGroup section */
		FAE957512C1AF7310035FA37 /* LaunchScreen.storyboard */ = {
			isa = PBXVariantGroup;
			children = (
				FAE957522C1AF7310035FA37 /* Base */,
			);
			name = LaunchScreen.storyboard;
			sourceTree = "<group>";
		};
/* End PBXVariantGroup section */

/* Begin XCBuildConfiguration section */
		FAE9576B2C1AF7310035FA37 /* Debug */ = {
			isa = XCBuildConfiguration;
			buildSettings = {
				ALWAYS_SEARCH_USER_PATHS = NO;
				ASSETCATALOG_COMPILER_GENERATE_SWIFT_ASSET_SYMBOL_EXTENSIONS = YES;
				CLANG_ANALYZER_NONNULL = YES;
				CLANG_ANALYZER_NUMBER_OBJECT_CONVERSION = YES_AGGRESSIVE;
				CLANG_CXX_LANGUAGE_STANDARD = "gnu++20";
				CLANG_ENABLE_MODULES = YES;
				CLANG_ENABLE_OBJC_ARC = YES;
				CLANG_ENABLE_OBJC_WEAK = YES;
				CLANG_WARN_BLOCK_CAPTURE_AUTORELEASING = YES;
				CLANG_WARN_BOOL_CONVERSION = YES;
				CLANG_WARN_COMMA = YES;
				CLANG_WARN_CONSTANT_CONVERSION = YES;
				CLANG_WARN_DEPRECATED_OBJC_IMPLEMENTATIONS = YES;
				CLANG_WARN_DIRECT_OBJC_ISA_USAGE = YES_ERROR;
				CLANG_WARN_DOCUMENTATION_COMMENTS = YES;
				CLANG_WARN_EMPTY_BODY = YES;
				CLANG_WARN_ENUM_CONVERSION = YES;
				CLANG_WARN_INFINITE_RECURSION = YES;
				CLANG_WARN_INT_CONVERSION = YES;
				CLANG_WARN_NON_LITERAL_NULL_CONVERSION = YES;
				CLANG_WARN_OBJC_IMPLICIT_RETAIN_SELF = YES;
				CLANG_WARN_OBJC_LITERAL_CONVERSION = YES;
				CLANG_WARN_OBJC_ROOT_CLASS = YES_ERROR;
				CLANG_WARN_QUOTED_INCLUDE_IN_FRAMEWORK_HEADER = YES;
				CLANG_WARN_RANGE_LOOP_ANALYSIS = YES;
				CLANG_WARN_STRICT_PROTOTYPES = YES;
				CLANG_WARN_SUSPICIOUS_MOVE = YES;
				CLANG_WARN_UNGUARDED_AVAILABILITY = YES_AGGRESSIVE;
				CLANG_WARN_UNREACHABLE_CODE = YES;
				CLANG_WARN__DUPLICATE_METHOD_MATCH = YES;
				COPY_PHASE_STRIP = NO;
				DEBUG_INFORMATION_FORMAT = dwarf;
				ENABLE_STRICT_OBJC_MSGSEND = YES;
				ENABLE_TESTABILITY = YES;
				ENABLE_USER_SCRIPT_SANDBOXING = YES;
				GCC_C_LANGUAGE_STANDARD = gnu17;
				GCC_DYNAMIC_NO_PIC = NO;
				GCC_NO_COMMON_BLOCKS = YES;
				GCC_OPTIMIZATION_LEVEL = 0;
				GCC_PREPROCESSOR_DEFINITIONS = (
					"DEBUG=1",
					"$(inherited)",
				);
				GCC_WARN_64_TO_32_BIT_CONVERSION = YES;
				GCC_WARN_ABOUT_RETURN_TYPE = YES_ERROR;
				GCC_WARN_UNDECLARED_SELECTOR = YES;
				GCC_WARN_UNINITIALIZED_AUTOS = YES_AGGRESSIVE;
				GCC_WARN_UNUSED_FUNCTION = YES;
				GCC_WARN_UNUSED_VARIABLE = YES;
				IPHONEOS_DEPLOYMENT_TARGET = 17.2;
				LOCALIZATION_PREFERS_STRING_CATALOGS = YES;
				MTL_ENABLE_DEBUG_INFO = INCLUDE_SOURCE;
				MTL_FAST_MATH = YES;
				ONLY_ACTIVE_ARCH = YES;
				SDKROOT = iphoneos;
				SWIFT_ACTIVE_COMPILATION_CONDITIONS = "DEBUG $(inherited)";
				SWIFT_OPTIMIZATION_LEVEL = "-Onone";
			};
			name = Debug;
		};
		FAE9576C2C1AF7310035FA37 /* Release */ = {
			isa = XCBuildConfiguration;
			buildSettings = {
				ALWAYS_SEARCH_USER_PATHS = NO;
				ASSETCATALOG_COMPILER_GENERATE_SWIFT_ASSET_SYMBOL_EXTENSIONS = YES;
				CLANG_ANALYZER_NONNULL = YES;
				CLANG_ANALYZER_NUMBER_OBJECT_CONVERSION = YES_AGGRESSIVE;
				CLANG_CXX_LANGUAGE_STANDARD = "gnu++20";
				CLANG_ENABLE_MODULES = YES;
				CLANG_ENABLE_OBJC_ARC = YES;
				CLANG_ENABLE_OBJC_WEAK = YES;
				CLANG_WARN_BLOCK_CAPTURE_AUTORELEASING = YES;
				CLANG_WARN_BOOL_CONVERSION = YES;
				CLANG_WARN_COMMA = YES;
				CLANG_WARN_CONSTANT_CONVERSION = YES;
				CLANG_WARN_DEPRECATED_OBJC_IMPLEMENTATIONS = YES;
				CLANG_WARN_DIRECT_OBJC_ISA_USAGE = YES_ERROR;
				CLANG_WARN_DOCUMENTATION_COMMENTS = YES;
				CLANG_WARN_EMPTY_BODY = YES;
				CLANG_WARN_ENUM_CONVERSION = YES;
				CLANG_WARN_INFINITE_RECURSION = YES;
				CLANG_WARN_INT_CONVERSION = YES;
				CLANG_WARN_NON_LITERAL_NULL_CONVERSION = YES;
				CLANG_WARN_OBJC_IMPLICIT_RETAIN_SELF = YES;
				CLANG_WARN_OBJC_LITERAL_CONVERSION = YES;
				CLANG_WARN_OBJC_ROOT_CLASS = YES_ERROR;
				CLANG_WARN_QUOTED_INCLUDE_IN_FRAMEWORK_HEADER = YES;
				CLANG_WARN_RANGE_LOOP_ANALYSIS = YES;
				CLANG_WARN_STRICT_PROTOTYPES = YES;
				CLANG_WARN_SUSPICIOUS_MOVE = YES;
				CLANG_WARN_UNGUARDED_AVAILABILITY = YES_AGGRESSIVE;
				CLANG_WARN_UNREACHABLE_CODE = YES;
				CLANG_WARN__DUPLICATE_METHOD_MATCH = YES;
				COPY_PHASE_STRIP = NO;
				DEBUG_INFORMATION_FORMAT = "dwarf-with-dsym";
				ENABLE_NS_ASSERTIONS = NO;
				ENABLE_STRICT_OBJC_MSGSEND = YES;
				ENABLE_USER_SCRIPT_SANDBOXING = YES;
				GCC_C_LANGUAGE_STANDARD = gnu17;
				GCC_NO_COMMON_BLOCKS = YES;
				GCC_WARN_64_TO_32_BIT_CONVERSION = YES;
				GCC_WARN_ABOUT_RETURN_TYPE = YES_ERROR;
				GCC_WARN_UNDECLARED_SELECTOR = YES;
				GCC_WARN_UNINITIALIZED_AUTOS = YES_AGGRESSIVE;
				GCC_WARN_UNUSED_FUNCTION = YES;
				GCC_WARN_UNUSED_VARIABLE = YES;
				IPHONEOS_DEPLOYMENT_TARGET = 17.2;
				LOCALIZATION_PREFERS_STRING_CATALOGS = YES;
				MTL_ENABLE_DEBUG_INFO = NO;
				MTL_FAST_MATH = YES;
				SDKROOT = iphoneos;
				SWIFT_COMPILATION_MODE = wholemodule;
				VALIDATE_PRODUCT = YES;
			};
			name = Release;
		};
		FAE9576E2C1AF7310035FA37 /* Debug */ = {
			isa = XCBuildConfiguration;
			buildSettings = {
				ASSETCATALOG_COMPILER_APPICON_NAME = AppIcon;
				ASSETCATALOG_COMPILER_GLOBAL_ACCENT_COLOR_NAME = AccentColor;
				CODE_SIGN_STYLE = Automatic;
				CURRENT_PROJECT_VERSION = 1;
				GENERATE_INFOPLIST_FILE = YES;
				INFOPLIST_FILE = test2/Info.plist;
				INFOPLIST_KEY_UIApplicationSupportsIndirectInputEvents = YES;
				INFOPLIST_KEY_UILaunchStoryboardName = LaunchScreen;
				INFOPLIST_KEY_UISupportedInterfaceOrientations_iPad = "UIInterfaceOrientationPortrait UIInterfaceOrientationPortraitUpsideDown UIInterfaceOrientationLandscapeLeft UIInterfaceOrientationLandscapeRight";
				INFOPLIST_KEY_UISupportedInterfaceOrientations_iPhone = "UIInterfaceOrientationPortrait UIInterfaceOrientationLandscapeLeft UIInterfaceOrientationLandscapeRight";
				LD_RUNPATH_SEARCH_PATHS = (
					"$(inherited)",
					"@executable_path/Frameworks",
				);
				MARKETING_VERSION = 1.0;
				PRODUCT_BUNDLE_IDENTIFIER = amonrit.test2;
				PRODUCT_NAME = "$(TARGET_NAME)";
				SWIFT_EMIT_LOC_STRINGS = YES;
				SWIFT_VERSION = 5.0;
				TARGETED_DEVICE_FAMILY = "1,2";
			};
			name = Debug;
		};
		FAE9576F2C1AF7310035FA37 /* Release */ = {
			isa = XCBuildConfiguration;
			buildSettings = {
				ASSETCATALOG_COMPILER_APPICON_NAME = AppIcon;
				ASSETCATALOG_COMPILER_GLOBAL_ACCENT_COLOR_NAME = AccentColor;
				CODE_SIGN_STYLE = Automatic;
				CURRENT_PROJECT_VERSION = 1;
				GENERATE_INFOPLIST_FILE = YES;
				INFOPLIST_FILE = test2/Info.plist;
				INFOPLIST_KEY_UIApplicationSupportsIndirectInputEvents = YES;
				INFOPLIST_KEY_UILaunchStoryboardName = LaunchScreen;
				INFOPLIST_KEY_UISupportedInterfaceOrientations_iPad = "UIInterfaceOrientationPortrait UIInterfaceOrientationPortraitUpsideDown UIInterfaceOrientationLandscapeLeft UIInterfaceOrientationLandscapeRight";
				INFOPLIST_KEY_UISupportedInterfaceOrientations_iPhone = "UIInterfaceOrientationPortrait UIInterfaceOrientationLandscapeLeft UIInterfaceOrientationLandscapeRight";
				LD_RUNPATH_SEARCH_PATHS = (
					"$(inherited)",
					"@executable_path/Frameworks",
				);
				MARKETING_VERSION = 1.0;
				PRODUCT_BUNDLE_IDENTIFIER = amonrit.test2;
				PRODUCT_NAME = "$(TARGET_NAME)";
				SWIFT_EMIT_LOC_STRINGS = YES;
				SWIFT_VERSION = 5.0;
				TARGETED_DEVICE_FAMILY = "1,2";
			};
			name = Release;
		};
		FAE957712C1AF7310035FA37 /* Debug */ = {
			isa = XCBuildConfiguration;
			buildSettings = {
				ALWAYS_EMBED_SWIFT_STANDARD_LIBRARIES = YES;
				BUNDLE_LOADER = "$(TEST_HOST)";
				CODE_SIGN_STYLE = Automatic;
				CURRENT_PROJECT_VERSION = 1;
				GENERATE_INFOPLIST_FILE = YES;
				IPHONEOS_DEPLOYMENT_TARGET = 17.2;
				MARKETING_VERSION = 1.0;
				PRODUCT_BUNDLE_IDENTIFIER = amonrit.test2Tests;
				PRODUCT_NAME = "$(TARGET_NAME)";
				SWIFT_EMIT_LOC_STRINGS = NO;
				SWIFT_VERSION = 5.0;
				TARGETED_DEVICE_FAMILY = "1,2";
				TEST_HOST = "$(BUILT_PRODUCTS_DIR)/test2.app/$(BUNDLE_EXECUTABLE_FOLDER_PATH)/test2";
			};
			name = Debug;
		};
		FAE957722C1AF7310035FA37 /* Release */ = {
			isa = XCBuildConfiguration;
			buildSettings = {
				ALWAYS_EMBED_SWIFT_STANDARD_LIBRARIES = YES;
				BUNDLE_LOADER = "$(TEST_HOST)";
				CODE_SIGN_STYLE = Automatic;
				CURRENT_PROJECT_VERSION = 1;
				GENERATE_INFOPLIST_FILE = YES;
				IPHONEOS_DEPLOYMENT_TARGET = 17.2;
				MARKETING_VERSION = 1.0;
				PRODUCT_BUNDLE_IDENTIFIER = amonrit.test2Tests;
				PRODUCT_NAME = "$(TARGET_NAME)";
				SWIFT_EMIT_LOC_STRINGS = NO;
				SWIFT_VERSION = 5.0;
				TARGETED_DEVICE_FAMILY = "1,2";
				TEST_HOST = "$(BUILT_PRODUCTS_DIR)/test2.app/$(BUNDLE_EXECUTABLE_FOLDER_PATH)/test2";
			};
			name = Release;
		};
		FAE957742C1AF7310035FA37 /* Debug */ = {
			isa = XCBuildConfiguration;
			buildSettings = {
				ALWAYS_EMBED_SWIFT_STANDARD_LIBRARIES = YES;
				CODE_SIGN_STYLE = Automatic;
				CURRENT_PROJECT_VERSION = 1;
				GENERATE_INFOPLIST_FILE = YES;
				MARKETING_VERSION = 1.0;
				PRODUCT_BUNDLE_IDENTIFIER = amonrit.test2UITests;
				PRODUCT_NAME = "$(TARGET_NAME)";
				SWIFT_EMIT_LOC_STRINGS = NO;
				SWIFT_VERSION = 5.0;
				TARGETED_DEVICE_FAMILY = "1,2";
				TEST_TARGET_NAME = test2;
			};
			name = Debug;
		};
		FAE957752C1AF7310035FA37 /* Release */ = {
			isa = XCBuildConfiguration;
			buildSettings = {
				ALWAYS_EMBED_SWIFT_STANDARD_LIBRARIES = YES;
				CODE_SIGN_STYLE = Automatic;
				CURRENT_PROJECT_VERSION = 1;
				GENERATE_INFOPLIST_FILE = YES;
				MARKETING_VERSION = 1.0;
				PRODUCT_BUNDLE_IDENTIFIER = amonrit.test2UITests;
				PRODUCT_NAME = "$(TARGET_NAME)";
				SWIFT_EMIT_LOC_STRINGS = NO;
				SWIFT_VERSION = 5.0;
				TARGETED_DEVICE_FAMILY = "1,2";
				TEST_TARGET_NAME = test2;
			};
			name = Release;
		};
/* End XCBuildConfiguration section */

/* Begin XCConfigurationList section */
		FAE9573E2C1AF72F0035FA37 /* Build configuration list for PBXProject "test2" */ = {
			isa = XCConfigurationList;
			buildConfigurations = (
				FAE9576B2C1AF7310035FA37 /* Debug */,
				FAE9576C2C1AF7310035FA37 /* Release */,
			);
			defaultConfigurationIsVisible = 0;
			defaultConfigurationName = Release;
		};
		FAE9576D2C1AF7310035FA37 /* Build configuration list for PBXNativeTarget "test2" */ = {
			isa = XCConfigurationList;
			buildConfigurations = (
				FAE9576E2C1AF7310035FA37 /* Debug */,
				FAE9576F2C1AF7310035FA37 /* Release */,
			);
			defaultConfigurationIsVisible = 0;
			defaultConfigurationName = Release;
		};
		FAE957702C1AF7310035FA37 /* Build configuration list for PBXNativeTarget "test2Tests" */ = {
			isa = XCConfigurationList;
			buildConfigurations = (
				FAE957712C1AF7310035FA37 /* Debug */,
				FAE957722C1AF7310035FA37 /* Release */,
			);
			defaultConfigurationIsVisible = 0;
			defaultConfigurationName = Release;
		};
		FAE957732C1AF7310035FA37 /* Build configuration list for PBXNativeTarget "test2UITests" */ = {
			isa = XCConfigurationList;
			buildConfigurations = (
				FAE957742C1AF7310035FA37 /* Debug */,
				FAE957752C1AF7310035FA37 /* Release */,
			);
			defaultConfigurationIsVisible = 0;
			defaultConfigurationName = Release;
		};
/* End XCConfigurationList section */
	};
	rootObject = FAE9573B2C1AF72F0035FA37 /* Project object */;
}
